
Microsoft Visual Studio Solution File, Format Version 12.00
# Visual Studio 2012
Project("{8BC9CEB8-8B4A-11D0-8D11-00A0C91BC942}") = "00_introduction", "00_introduction\00_introduction.vcxproj", "{3998E06D-B29C-4E82-9136-C4BA06A02A24}"
EndProject
Project("{8BC9CEB8-8B4A-11D0-8D11-00A0C91BC942}") = "Test_Execution_Monitor", "01_Test\Test_Execution_Monitor\Test_Execution_Monitor.vcxproj", "{8BAA13E8-8DE4-451F-AB35-74D968B66575}"
EndProject
Project("{8BC9CEB8-8B4A-11D0-8D11-00A0C91BC942}") = "Test_Fixture", "01_Test\Test_Fixture\Test_Fixture.vcxproj", "{B8368D2F-8548-465D-B71A-B51D3F193AFF}"
EndProject
Project("{8BC9CEB8-8B4A-11D0-8D11-00A0C91BC942}") = "Test_Suite", "01_Test\Test_Suite\Test_Suite.vcxproj", "{583E385D-56E8-4690-BEBE-3A6ABA7BBB47}"
EndProject
Global
	GlobalSection(SolutionConfigurationPlatforms) = preSolution
		Debug|Win32 = Debug|Win32
		Release|Win32 = Release|Win32
	EndGlobalSection
	GlobalSection(ProjectConfigurationPlatforms) = postSolution
		{3998E06D-B29C-4E82-9136-C4BA06A02A24}.Debug|Win32.ActiveCfg = Debug|Win32
		{3998E06D-B29C-4E82-9136-C4BA06A02A24}.Debug|Win32.Build.0 = Debug|Win32
		{3998E06D-B29C-4E82-9136-C4BA06A02A24}.Release|Win32.ActiveCfg = Release|Win32
		{3998E06D-B29C-4E82-9136-C4BA06A02A24}.Release|Win32.Build.0 = Release|Win32
		{8BAA13E8-8DE4-451F-AB35-74D968B66575}.Debug|Win32.ActiveCfg = Debug|Win32
		{8BAA13E8-8DE4-451F-AB35-74D968B66575}.Debug|Win32.Build.0 = Debug|Win32
		{8BAA13E8-8DE4-451F-AB35-74D968B66575}.Release|Win32.ActiveCfg = Release|Win32
		{8BAA13E8-8DE4-451F-AB35-74D968B66575}.Release|Win32.Build.0 = Release|Win32
		{B8368D2F-8548-465D-B71A-B51D3F193AFF}.Debug|Win32.ActiveCfg = Debug|Win32
		{B8368D2F-8548-465D-B71A-B51D3F193AFF}.Debug|Win32.Build.0 = Debug|Win32
		{B8368D2F-8548-465D-B71A-B51D3F193AFF}.Release|Win32.ActiveCfg = Release|Win32
		{B8368D2F-8548-465D-B71A-B51D3F193AFF}.Release|Win32.Build.0 = Release|Win32
		{583E385D-56E8-4690-BEBE-3A6ABA7BBB47}.Debug|Win32.ActiveCfg = Debug|Win32
		{583E385D-56E8-4690-BEBE-3A6ABA7BBB47}.Debug|Win32.Build.0 = Debug|Win32
		{583E385D-56E8-4690-BEBE-3A6ABA7BBB47}.Release|Win32.ActiveCfg = Release|Win32
		{583E385D-56E8-4690-BEBE-3A6ABA7BBB47}.Release|Win32.Build.0 = Release|Win32
	EndGlobalSection
	GlobalSection(SolutionProperties) = preSolution
		HideSolutionNode = FALSE
	EndGlobalSection
EndGlobal
